
Microsoft Visual Studio Solution File, Format Version 12.00
# Visual Studio Version 17
VisualStudioVersion = 17.7.34202.233
MinimumVisualStudioVersion = 10.0.40219.1
Project("{FAE04EC0-301F-11D3-BF4B-00C04F79EFBC}") = "ResxFromViews", "ResxFromViews.csproj", "{A9ACD71B-9C9C-4A33-8CA2-323E554A48B5}"
EndProject
Global
	GlobalSection(SolutionConfigurationPlatforms) = preSolution
		Debug|Any CPU = Debug|Any CPU
		Release|Any CPU = Release|Any CPU
	EndGlobalSection
	GlobalSection(ProjectConfigurationPlatforms) = postSolution
		{A9ACD71B-9C9C-4A33-8CA2-323E554A48B5}.Debug|Any CPU.ActiveCfg = Debug|Any CPU
		{A9ACD71B-9C9C-4A33-8CA2-323E554A48B5}.Debug|Any CPU.Build.0 = Debug|Any CPU
		{A9ACD71B-9C9C-4A33-8CA2-323E554A48B5}.Release|Any CPU.ActiveCfg = Release|Any CPU
		{A9ACD71B-9C9C-4A33-8CA2-323E554A48B5}.Release|Any CPU.Build.0 = Release|Any CPU
	EndGlobalSection
	GlobalSection(SolutionProperties) = preSolution
		HideSolutionNode = FALSE
	EndGlobalSection
	GlobalSection(ExtensibilityGlobals) = postSolution
		SolutionGuid = {504E7958-64C0-4323-8DCD-56FE14BFC752}
	EndGlobalSection
EndGlobal
